
Microsoft Visual Studio Solution File, Format Version 12.00
# Visual Studio 15
VisualStudioVersion = 15.0.28307.1401
MinimumVisualStudioVersion = 10.0.40219.1
Project("{FAE04EC0-301F-11D3-BF4B-00C04F79EFBC}") = "Declaring Variables", "Declaring Variables\Declaring Variables.csproj", "{08DC1644-0BE0-4096-8DF9-31023A39CDDF}"
EndProject
Global
	GlobalSection(SolutionConfigurationPlatforms) = preSolution
		Debug|Any CPU = Debug|Any CPU
		Release|Any CPU = Release|Any CPU
	EndGlobalSection
	GlobalSection(ProjectConfigurationPlatforms) = postSolution
		{08DC1644-0BE0-4096-8DF9-31023A39CDDF}.Debug|Any CPU.ActiveCfg = Debug|Any CPU
		{08DC1644-0BE0-4096-8DF9-31023A39CDDF}.Debug|Any CPU.Build.0 = Debug|Any CPU
		{08DC1644-0BE0-4096-8DF9-31023A39CDDF}.Release|Any CPU.ActiveCfg = Release|Any CPU
		{08DC1644-0BE0-4096-8DF9-31023A39CDDF}.Release|Any CPU.Build.0 = Release|Any CPU
	EndGlobalSection
	GlobalSection(SolutionProperties) = preSolution
		HideSolutionNode = FALSE
	EndGlobalSection
	GlobalSection(ExtensibilityGlobals) = postSolution
		SolutionGuid = {F4D5B838-A2CA-4482-A521-800590EF7BCC}
	EndGlobalSection
EndGlobal
